# This file is @generated by PDM.
# It is not intended for manual editing.

[metadata]
groups = ["default", "dev", "test"]
strategy = ["inherit_metadata"]
lock_version = "4.5.0"
content_hash = "sha256:e49c2a58a9ac92328bcb9cf5e617487158810d7800dacd1bc5134d461a823867"

[[metadata.targets]]
requires_python = "~=3.10"

[[package]]
name = "attrs"
version = "24.2.0"
requires_python = ">=3.7"
summary = "Classes Without Boilerplate"
groups = ["dev", "test"]
dependencies = [
    "importlib-metadata; python_version < \"3.8\"",
]
files = [
    {file = "attrs-24.2.0-py3-none-any.whl", hash = "sha256:81921eb96de3191c8258c199618104dd27ac608d9366f5e35d011eae1867ede2"},
    {file = "attrs-24.2.0.tar.gz", hash = "sha256:5cfb1b9148b5b086569baec03f20d7b6bf3bcacc9a42bebf87ffaaca362f6346"},
]

[[package]]
name = "chardet"
version = "5.2.0"
requires_python = ">=3.7"
summary = "Universal encoding detector for Python 3"
groups = ["default"]
files = [
    {file = "chardet-5.2.0-py3-none-any.whl", hash = "sha256:e1cf59446890a00105fe7b7912492ea04b6e6f06d4b742b2c788469e34c82970"},
    {file = "chardet-5.2.0.tar.gz", hash = "sha256:1b3b6ff479a8c414bc3fa2c0852995695c4a026dcd6d0633b2dd092ca39c1cf7"},
]

[[package]]
name = "colorama"
version = "0.4.6"
requires_python = "!=3.0.*,!=3.1.*,!=3.2.*,!=3.3.*,!=3.4.*,!=3.5.*,!=3.6.*,>=2.7"
summary = "Cross-platform colored terminal text."
groups = ["dev", "test"]
marker = "sys_platform == \"win32\""
files = [
    {file = "colorama-0.4.6-py2.py3-none-any.whl", hash = "sha256:4f1d9991f5acc0ca119f9d443620b77f9d6b33703e51011c16baf57afb285fc6"},
    {file = "colorama-0.4.6.tar.gz", hash = "sha256:08695f5cb7ed6e0531a20572697297273c47b8cae5a63ffc6d6ed5c201be6e44"},
]

[[package]]
name = "coverage"
version = "7.6.1"
requires_python = ">=3.8"
summary = "Code coverage measurement for Python"
groups = ["dev", "test"]
files = [
    {file = "coverage-7.6.1-cp310-cp310-macosx_10_9_x86_64.whl", hash = "sha256:b06079abebbc0e89e6163b8e8f0e16270124c154dc6e4a47b413dd538859af16"},
    {file = "coverage-7.6.1-cp310-cp310-macosx_11_0_arm64.whl", hash = "sha256:cf4b19715bccd7ee27b6b120e7e9dd56037b9c0681dcc1adc9ba9db3d417fa36"},
    {file = "coverage-7.6.1-cp310-cp310-manylinux_2_17_aarch64.manylinux2014_aarch64.whl", hash = "sha256:e61c0abb4c85b095a784ef23fdd4aede7a2628478e7baba7c5e3deba61070a02"},
    {file = "coverage-7.6.1-cp310-cp310-manylinux_2_5_i686.manylinux1_i686.manylinux_2_17_i686.manylinux2014_i686.whl", hash = "sha256:fd21f6ae3f08b41004dfb433fa895d858f3f5979e7762d052b12aef444e29afc"},
    {file = "coverage-7.6.1-cp310-cp310-manylinux_2_5_x86_64.manylinux1_x86_64.manylinux_2_17_x86_64.manylinux2014_x86_64.whl", hash = "sha256:8f59d57baca39b32db42b83b2a7ba6f47ad9c394ec2076b084c3f029b7afca23"},
    {file = "coverage-7.6.1-cp310-cp310-musllinux_1_2_aarch64.whl", hash = "sha256:a1ac0ae2b8bd743b88ed0502544847c3053d7171a3cff9228af618a068ed9c34"},
    {file = "coverage-7.6.1-cp310-cp310-musllinux_1_2_i686.whl", hash = "sha256:e6a08c0be454c3b3beb105c0596ebdc2371fab6bb90c0c0297f4e58fd7e1012c"},
    {file = "coverage-7.6.1-cp310-cp310-musllinux_1_2_x86_64.whl", hash = "sha256:f5796e664fe802da4f57a168c85359a8fbf3eab5e55cd4e4569fbacecc903959"},
    {file = "coverage-7.6.1-cp310-cp310-win32.whl", hash = "sha256:7bb65125fcbef8d989fa1dd0e8a060999497629ca5b0efbca209588a73356232"},
    {file = "coverage-7.6.1-cp310-cp310-win_amd64.whl", hash = "sha256:3115a95daa9bdba70aea750db7b96b37259a81a709223c8448fa97727d546fe0"},
    {file = "coverage-7.6.1-cp311-cp311-macosx_10_9_x86_64.whl", hash = "sha256:7dea0889685db8550f839fa202744652e87c60015029ce3f60e006f8c4462c93"},
    {file = "coverage-7.6.1-cp311-cp311-macosx_11_0_arm64.whl", hash = "sha256:ed37bd3c3b063412f7620464a9ac1314d33100329f39799255fb8d3027da50d3"},
    {file = "coverage-7.6.1-cp311-cp311-manylinux_2_17_aarch64.manylinux2014_aarch64.whl", hash = "sha256:d85f5e9a5f8b73e2350097c3756ef7e785f55bd71205defa0bfdaf96c31616ff"},
    {file = "coverage-7.6.1-cp311-cp311-manylinux_2_5_i686.manylinux1_i686.manylinux_2_17_i686.manylinux2014_i686.whl", hash = "sha256:9bc572be474cafb617672c43fe989d6e48d3c83af02ce8de73fff1c6bb3c198d"},
    {file = "coverage-7.6.1-cp311-cp311-manylinux_2_5_x86_64.manylinux1_x86_64.manylinux_2_17_x86_64.manylinux2014_x86_64.whl", hash = "sha256:0c0420b573964c760df9e9e86d1a9a622d0d27f417e1a949a8a66dd7bcee7bc6"},
    {file = "coverage-7.6.1-cp311-cp311-musllinux_1_2_aarch64.whl", hash = "sha256:1f4aa8219db826ce6be7099d559f8ec311549bfc4046f7f9fe9b5cea5c581c56"},
    {file = "coverage-7.6.1-cp311-cp311-musllinux_1_2_i686.whl", hash = "sha256:fc5a77d0c516700ebad189b587de289a20a78324bc54baee03dd486f0855d234"},
    {file = "coverage-7.6.1-cp311-cp311-musllinux_1_2_x86_64.whl", hash = "sha256:b48f312cca9621272ae49008c7f613337c53fadca647d6384cc129d2996d1133"},
    {file = "coverage-7.6.1-cp311-cp311-win32.whl", hash = "sha256:1125ca0e5fd475cbbba3bb67ae20bd2c23a98fac4e32412883f9bcbaa81c314c"},
    {file = "coverage-7.6.1-cp311-cp311-win_amd64.whl", hash = "sha256:8ae539519c4c040c5ffd0632784e21b2f03fc1340752af711f33e5be83a9d6c6"},
    {file = "coverage-7.6.1-cp312-cp312-macosx_10_9_x86_64.whl", hash = "sha256:95cae0efeb032af8458fc27d191f85d1717b1d4e49f7cb226cf526ff28179778"},
    {file = "coverage-7.6.1-cp312-cp312-macosx_11_0_arm64.whl", hash = "sha256:5621a9175cf9d0b0c84c2ef2b12e9f5f5071357c4d2ea6ca1cf01814f45d2391"},
    {file = "coverage-7.6.1-cp312-cp312-manylinux_2_17_aarch64.manylinux2014_aarch64.whl", hash = "sha256:260933720fdcd75340e7dbe9060655aff3af1f0c5d20f46b57f262ab6c86a5e8"},
    {file = "coverage-7.6.1-cp312-cp312-manylinux_2_5_i686.manylinux1_i686.manylinux_2_17_i686.manylinux2014_i686.whl", hash = "sha256:07e2ca0ad381b91350c0ed49d52699b625aab2b44b65e1b4e02fa9df0e92ad2d"},
    {file = "coverage-7.6.1-cp312-cp312-manylinux_2_5_x86_64.manylinux1_x86_64.manylinux_2_17_x86_64.manylinux2014_x86_64.whl", hash = "sha256:c44fee9975f04b33331cb8eb272827111efc8930cfd582e0320613263ca849ca"},
    {file = "coverage-7.6.1-cp312-cp312-musllinux_1_2_aarch64.whl", hash = "sha256:877abb17e6339d96bf08e7a622d05095e72b71f8afd8a9fefc82cf30ed944163"},
    {file = "coverage-7.6.1-cp312-cp312-musllinux_1_2_i686.whl", hash = "sha256:3e0cadcf6733c09154b461f1ca72d5416635e5e4ec4e536192180d34ec160f8a"},
    {file = "coverage-7.6.1-cp312-cp312-musllinux_1_2_x86_64.whl", hash = "sha256:c3c02d12f837d9683e5ab2f3d9844dc57655b92c74e286c262e0fc54213c216d"},
    {file = "coverage-7.6.1-cp312-cp312-win32.whl", hash = "sha256:e05882b70b87a18d937ca6768ff33cc3f72847cbc4de4491c8e73880766718e5"},
    {file = "coverage-7.6.1-cp312-cp312-win_amd64.whl", hash = "sha256:b5d7b556859dd85f3a541db6a4e0167b86e7273e1cdc973e5b175166bb634fdb"},
    {file = "coverage-7.6.1-cp313-cp313-macosx_10_13_x86_64.whl", hash = "sha256:a4acd025ecc06185ba2b801f2de85546e0b8ac787cf9d3b06e7e2a69f925b106"},
    {file = "coverage-7.6.1-cp313-cp313-macosx_11_0_arm64.whl", hash = "sha256:a6d3adcf24b624a7b778533480e32434a39ad8fa30c315208f6d3e5542aeb6e9"},
    {file = "coverage-7.6.1-cp313-cp313-manylinux_2_17_aarch64.manylinux2014_aarch64.whl", hash = "sha256:d0c212c49b6c10e6951362f7c6df3329f04c2b1c28499563d4035d964ab8e08c"},
    {file = "coverage-7.6.1-cp313-cp313-manylinux_2_5_i686.manylinux1_i686.manylinux_2_17_i686.manylinux2014_i686.whl", hash = "sha256:6e81d7a3e58882450ec4186ca59a3f20a5d4440f25b1cff6f0902ad890e6748a"},
    {file = "coverage-7.6.1-cp313-cp313-manylinux_2_5_x86_64.manylinux1_x86_64.manylinux_2_17_x86_64.manylinux2014_x86_64.whl", hash = "sha256:78b260de9790fd81e69401c2dc8b17da47c8038176a79092a89cb2b7d945d060"},
    {file = "coverage-7.6.1-cp313-cp313-musllinux_1_2_aarch64.whl", hash = "sha256:a78d169acd38300060b28d600344a803628c3fd585c912cacc9ea8790fe96862"},
    {file = "coverage-7.6.1-cp313-cp313-musllinux_1_2_i686.whl", hash = "sha256:2c09f4ce52cb99dd7505cd0fc8e0e37c77b87f46bc9c1eb03fe3bc9991085388"},
    {file = "coverage-7.6.1-cp313-cp313-musllinux_1_2_x86_64.whl", hash = "sha256:6878ef48d4227aace338d88c48738a4258213cd7b74fd9a3d4d7582bb1d8a155"},
    {file = "coverage-7.6.1-cp313-cp313-win32.whl", hash = "sha256:44df346d5215a8c0e360307d46ffaabe0f5d3502c8a1cefd700b34baf31d411a"},
    {file = "coverage-7.6.1-cp313-cp313-win_amd64.whl", hash = "sha256:8284cf8c0dd272a247bc154eb6c95548722dce90d098c17a883ed36e67cdb129"},
    {file = "coverage-7.6.1-cp313-cp313t-macosx_10_13_x86_64.whl", hash = "sha256:d3296782ca4eab572a1a4eca686d8bfb00226300dcefdf43faa25b5242ab8a3e"},
    {file = "coverage-7.6.1-cp313-cp313t-macosx_11_0_arm64.whl", hash = "sha256:502753043567491d3ff6d08629270127e0c31d4184c4c8d98f92c26f65019962"},
    {file = "coverage-7.6.1-cp313-cp313t-manylinux_2_17_aarch64.manylinux2014_aarch64.whl", hash = "sha256:6a89ecca80709d4076b95f89f308544ec8f7b4727e8a547913a35f16717856cb"},
    {file = "coverage-7.6.1-cp313-cp313t-manylinux_2_5_i686.manylinux1_i686.manylinux_2_17_i686.manylinux2014_i686.whl", hash = "sha256:a318d68e92e80af8b00fa99609796fdbcdfef3629c77c6283566c6f02c6d6704"},
    {file = "coverage-7.6.1-cp313-cp313t-manylinux_2_5_x86_64.manylinux1_x86_64.manylinux_2_17_x86_64.manylinux2014_x86_64.whl", hash = "sha256:13b0a73a0896988f053e4fbb7de6d93388e6dd292b0d87ee51d106f2c11b465b"},
    {file = "coverage-7.6.1-cp313-cp313t-musllinux_1_2_aarch64.whl", hash = "sha256:4421712dbfc5562150f7554f13dde997a2e932a6b5f352edcce948a815efee6f"},
    {file = "coverage-7.6.1-cp313-cp313t-musllinux_1_2_i686.whl", hash = "sha256:166811d20dfea725e2e4baa71fffd6c968a958577848d2131f39b60043400223"},
    {file = "coverage-7.6.1-cp313-cp313t-musllinux_1_2_x86_64.whl", hash = "sha256:225667980479a17db1048cb2bf8bfb39b8e5be8f164b8f6628b64f78a72cf9d3"},
    {file = "coverage-7.6.1-cp313-cp313t-win32.whl", hash = "sha256:170d444ab405852903b7d04ea9ae9b98f98ab6d7e63e1115e82620807519797f"},
    {file = "coverage-7.6.1-cp313-cp313t-win_amd64.whl", hash = "sha256:b9f222de8cded79c49bf184bdbc06630d4c58eec9459b939b4a690c82ed05657"},
    {file = "coverage-7.6.1-pp38.pp39.pp310-none-any.whl", hash = "sha256:e9a6e0eb86070e8ccaedfbd9d38fec54864f3125ab95419970575b42af7541df"},
    {file = "coverage-7.6.1.tar.gz", hash = "sha256:953510dfb7b12ab69d20135a0662397f077c59b1e6379a768e97c59d852ee51d"},
]

[[package]]
name = "coverage"
version = "7.6.1"
extras = ["toml"]
requires_python = ">=3.8"
summary = "Code coverage measurement for Python"
groups = ["dev", "test"]
dependencies = [
    "coverage==7.6.1",
    "tomli; python_full_version <= \"3.11.0a6\"",
]
files = [
    {file = "coverage-7.6.1-cp310-cp310-macosx_10_9_x86_64.whl", hash = "sha256:b06079abebbc0e89e6163b8e8f0e16270124c154dc6e4a47b413dd538859af16"},
    {file = "coverage-7.6.1-cp310-cp310-macosx_11_0_arm64.whl", hash = "sha256:cf4b19715bccd7ee27b6b120e7e9dd56037b9c0681dcc1adc9ba9db3d417fa36"},
    {file = "coverage-7.6.1-cp310-cp310-manylinux_2_17_aarch64.manylinux2014_aarch64.whl", hash = "sha256:e61c0abb4c85b095a784ef23fdd4aede7a2628478e7baba7c5e3deba61070a02"},
    {file = "coverage-7.6.1-cp310-cp310-manylinux_2_5_i686.manylinux1_i686.manylinux_2_17_i686.manylinux2014_i686.whl", hash = "sha256:fd21f6ae3f08b41004dfb433fa895d858f3f5979e7762d052b12aef444e29afc"},
    {file = "coverage-7.6.1-cp310-cp310-manylinux_2_5_x86_64.manylinux1_x86_64.manylinux_2_17_x86_64.manylinux2014_x86_64.whl", hash = "sha256:8f59d57baca39b32db42b83b2a7ba6f47ad9c394ec2076b084c3f029b7afca23"},
    {file = "coverage-7.6.1-cp310-cp310-musllinux_1_2_aarch64.whl", hash = "sha256:a1ac0ae2b8bd743b88ed0502544847c3053d7171a3cff9228af618a068ed9c34"},
    {file = "coverage-7.6.1-cp310-cp310-musllinux_1_2_i686.whl", hash = "sha256:e6a08c0be454c3b3beb105c0596ebdc2371fab6bb90c0c0297f4e58fd7e1012c"},
    {file = "coverage-7.6.1-cp310-cp310-musllinux_1_2_x86_64.whl", hash = "sha256:f5796e664fe802da4f57a168c85359a8fbf3eab5e55cd4e4569fbacecc903959"},
    {file = "coverage-7.6.1-cp310-cp310-win32.whl", hash = "sha256:7bb65125fcbef8d989fa1dd0e8a060999497629ca5b0efbca209588a73356232"},
    {file = "coverage-7.6.1-cp310-cp310-win_amd64.whl", hash = "sha256:3115a95daa9bdba70aea750db7b96b37259a81a709223c8448fa97727d546fe0"},
    {file = "coverage-7.6.1-cp311-cp311-macosx_10_9_x86_64.whl", hash = "sha256:7dea0889685db8550f839fa202744652e87c60015029ce3f60e006f8c4462c93"},
    {file = "coverage-7.6.1-cp311-cp311-macosx_11_0_arm64.whl", hash = "sha256:ed37bd3c3b063412f7620464a9ac1314d33100329f39799255fb8d3027da50d3"},
    {file = "coverage-7.6.1-cp311-cp311-manylinux_2_17_aarch64.manylinux2014_aarch64.whl", hash = "sha256:d85f5e9a5f8b73e2350097c3756ef7e785f55bd71205defa0bfdaf96c31616ff"},
    {file = "coverage-7.6.1-cp311-cp311-manylinux_2_5_i686.manylinux1_i686.manylinux_2_17_i686.manylinux2014_i686.whl", hash = "sha256:9bc572be474cafb617672c43fe989d6e48d3c83af02ce8de73fff1c6bb3c198d"},
    {file = "coverage-7.6.1-cp311-cp311-manylinux_2_5_x86_64.manylinux1_x86_64.manylinux_2_17_x86_64.manylinux2014_x86_64.whl", hash = "sha256:0c0420b573964c760df9e9e86d1a9a622d0d27f417e1a949a8a66dd7bcee7bc6"},
    {file = "coverage-7.6.1-cp311-cp311-musllinux_1_2_aarch64.whl", hash = "sha256:1f4aa8219db826ce6be7099d559f8ec311549bfc4046f7f9fe9b5cea5c581c56"},
    {file = "coverage-7.6.1-cp311-cp311-musllinux_1_2_i686.whl", hash = "sha256:fc5a77d0c516700ebad189b587de289a20a78324bc54baee03dd486f0855d234"},
    {file = "coverage-7.6.1-cp311-cp311-musllinux_1_2_x86_64.whl", hash = "sha256:b48f312cca9621272ae49008c7f613337c53fadca647d6384cc129d2996d1133"},
    {file = "coverage-7.6.1-cp311-cp311-win32.whl", hash = "sha256:1125ca0e5fd475cbbba3bb67ae20bd2c23a98fac4e32412883f9bcbaa81c314c"},
    {file = "coverage-7.6.1-cp311-cp311-win_amd64.whl", hash = "sha256:8ae539519c4c040c5ffd0632784e21b2f03fc1340752af711f33e5be83a9d6c6"},
    {file = "coverage-7.6.1-cp312-cp312-macosx_10_9_x86_64.whl", hash = "sha256:95cae0efeb032af8458fc27d191f85d1717b1d4e49f7cb226cf526ff28179778"},
    {file = "coverage-7.6.1-cp312-cp312-macosx_11_0_arm64.whl", hash = "sha256:5621a9175cf9d0b0c84c2ef2b12e9f5f5071357c4d2ea6ca1cf01814f45d2391"},
    {file = "coverage-7.6.1-cp312-cp312-manylinux_2_17_aarch64.manylinux2014_aarch64.whl", hash = "sha256:260933720fdcd75340e7dbe9060655aff3af1f0c5d20f46b57f262ab6c86a5e8"},
    {file = "coverage-7.6.1-cp312-cp312-manylinux_2_5_i686.manylinux1_i686.manylinux_2_17_i686.manylinux2014_i686.whl", hash = "sha256:07e2ca0ad381b91350c0ed49d52699b625aab2b44b65e1b4e02fa9df0e92ad2d"},
    {file = "coverage-7.6.1-cp312-cp312-manylinux_2_5_x86_64.manylinux1_x86_64.manylinux_2_17_x86_64.manylinux2014_x86_64.whl", hash = "sha256:c44fee9975f04b33331cb8eb272827111efc8930cfd582e0320613263ca849ca"},
    {file = "coverage-7.6.1-cp312-cp312-musllinux_1_2_aarch64.whl", hash = "sha256:877abb17e6339d96bf08e7a622d05095e72b71f8afd8a9fefc82cf30ed944163"},
    {file = "coverage-7.6.1-cp312-cp312-musllinux_1_2_i686.whl", hash = "sha256:3e0cadcf6733c09154b461f1ca72d5416635e5e4ec4e536192180d34ec160f8a"},
    {file = "coverage-7.6.1-cp312-cp312-musllinux_1_2_x86_64.whl", hash = "sha256:c3c02d12f837d9683e5ab2f3d9844dc57655b92c74e286c262e0fc54213c216d"},
    {file = "coverage-7.6.1-cp312-cp312-win32.whl", hash = "sha256:e05882b70b87a18d937ca6768ff33cc3f72847cbc4de4491c8e73880766718e5"},
    {file = "coverage-7.6.1-cp312-cp312-win_amd64.whl", hash = "sha256:b5d7b556859dd85f3a541db6a4e0167b86e7273e1cdc973e5b175166bb634fdb"},
    {file = "coverage-7.6.1-cp313-cp313-macosx_10_13_x86_64.whl", hash = "sha256:a4acd025ecc06185ba2b801f2de85546e0b8ac787cf9d3b06e7e2a69f925b106"},
    {file = "coverage-7.6.1-cp313-cp313-macosx_11_0_arm64.whl", hash = "sha256:a6d3adcf24b624a7b778533480e32434a39ad8fa30c315208f6d3e5542aeb6e9"},
    {file = "coverage-7.6.1-cp313-cp313-manylinux_2_17_aarch64.manylinux2014_aarch64.whl", hash = "sha256:d0c212c49b6c10e6951362f7c6df3329f04c2b1c28499563d4035d964ab8e08c"},
    {file = "coverage-7.6.1-cp313-cp313-manylinux_2_5_i686.manylinux1_i686.manylinux_2_17_i686.manylinux2014_i686.whl", hash = "sha256:6e81d7a3e58882450ec4186ca59a3f20a5d4440f25b1cff6f0902ad890e6748a"},
    {file = "coverage-7.6.1-cp313-cp313-manylinux_2_5_x86_64.manylinux1_x86_64.manylinux_2_17_x86_64.manylinux2014_x86_64.whl", hash = "sha256:78b260de9790fd81e69401c2dc8b17da47c8038176a79092a89cb2b7d945d060"},
    {file = "coverage-7.6.1-cp313-cp313-musllinux_1_2_aarch64.whl", hash = "sha256:a78d169acd38300060b28d600344a803628c3fd585c912cacc9ea8790fe96862"},
    {file = "coverage-7.6.1-cp313-cp313-musllinux_1_2_i686.whl", hash = "sha256:2c09f4ce52cb99dd7505cd0fc8e0e37c77b87f46bc9c1eb03fe3bc9991085388"},
    {file = "coverage-7.6.1-cp313-cp313-musllinux_1_2_x86_64.whl", hash = "sha256:6878ef48d4227aace338d88c48738a4258213cd7b74fd9a3d4d7582bb1d8a155"},
    {file = "coverage-7.6.1-cp313-cp313-win32.whl", hash = "sha256:44df346d5215a8c0e360307d46ffaabe0f5d3502c8a1cefd700b34baf31d411a"},
    {file = "coverage-7.6.1-cp313-cp313-win_amd64.whl", hash = "sha256:8284cf8c0dd272a247bc154eb6c95548722dce90d098c17a883ed36e67cdb129"},
    {file = "coverage-7.6.1-cp313-cp313t-macosx_10_13_x86_64.whl", hash = "sha256:d3296782ca4eab572a1a4eca686d8bfb00226300dcefdf43faa25b5242ab8a3e"},
    {file = "coverage-7.6.1-cp313-cp313t-macosx_11_0_arm64.whl", hash = "sha256:502753043567491d3ff6d08629270127e0c31d4184c4c8d98f92c26f65019962"},
    {file = "coverage-7.6.1-cp313-cp313t-manylinux_2_17_aarch64.manylinux2014_aarch64.whl", hash = "sha256:6a89ecca80709d4076b95f89f308544ec8f7b4727e8a547913a35f16717856cb"},
    {file = "coverage-7.6.1-cp313-cp313t-manylinux_2_5_i686.manylinux1_i686.manylinux_2_17_i686.manylinux2014_i686.whl", hash = "sha256:a318d68e92e80af8b00fa99609796fdbcdfef3629c77c6283566c6f02c6d6704"},
    {file = "coverage-7.6.1-cp313-cp313t-manylinux_2_5_x86_64.manylinux1_x86_64.manylinux_2_17_x86_64.manylinux2014_x86_64.whl", hash = "sha256:13b0a73a0896988f053e4fbb7de6d93388e6dd292b0d87ee51d106f2c11b465b"},
    {file = "coverage-7.6.1-cp313-cp313t-musllinux_1_2_aarch64.whl", hash = "sha256:4421712dbfc5562150f7554f13dde997a2e932a6b5f352edcce948a815efee6f"},
    {file = "coverage-7.6.1-cp313-cp313t-musllinux_1_2_i686.whl", hash = "sha256:166811d20dfea725e2e4baa71fffd6c968a958577848d2131f39b60043400223"},
    {file = "coverage-7.6.1-cp313-cp313t-musllinux_1_2_x86_64.whl", hash = "sha256:225667980479a17db1048cb2bf8bfb39b8e5be8f164b8f6628b64f78a72cf9d3"},
    {file = "coverage-7.6.1-cp313-cp313t-win32.whl", hash = "sha256:170d444ab405852903b7d04ea9ae9b98f98ab6d7e63e1115e82620807519797f"},
    {file = "coverage-7.6.1-cp313-cp313t-win_amd64.whl", hash = "sha256:b9f222de8cded79c49bf184bdbc06630d4c58eec9459b939b4a690c82ed05657"},
    {file = "coverage-7.6.1-pp38.pp39.pp310-none-any.whl", hash = "sha256:e9a6e0eb86070e8ccaedfbd9d38fec54864f3125ab95419970575b42af7541df"},
    {file = "coverage-7.6.1.tar.gz", hash = "sha256:953510dfb7b12ab69d20135a0662397f077c59b1e6379a768e97c59d852ee51d"},
]

[[package]]
name = "exceptiongroup"
version = "1.3.0"
requires_python = ">=3.7"
summary = "Backport of PEP 654 (exception groups)"
groups = ["dev", "test"]
marker = "python_version < \"3.11\""
dependencies = [
    "typing-extensions>=4.6.0; python_version < \"3.13\"",
]
files = [
    {file = "exceptiongroup-1.3.0-py3-none-any.whl", hash = "sha256:4d111e6e0c13d0644cad6ddaa7ed0261a0b36971f6d23e7ec9b4b9097da78a10"},
    {file = "exceptiongroup-1.3.0.tar.gz", hash = "sha256:b241f5885f560bc56a59ee63ca4c6a8bfa46ae4ad651af316d4e81817bb9fd88"},
]

[[package]]
name = "iniconfig"
version = "2.1.0"
requires_python = ">=3.8"
summary = "brain-dead simple config-ini parsing"
groups = ["dev", "test"]
files = [
    {file = "iniconfig-2.1.0-py3-none-any.whl", hash = "sha256:9deba5723312380e77435581c6bf4935c94cbfab9b1ed33ef8d238ea168eb760"},
    {file = "iniconfig-2.1.0.tar.gz", hash = "sha256:3abbd2e30b36733fee78f9c7f7308f2d0050e88f0087fd25c2645f63c773e1c7"},
]

[[package]]
name = "numpy"
version = "2.1.1"
requires_python = ">=3.10"
summary = "Fundamental package for array computing in Python"
groups = ["default"]
files = [
    {file = "numpy-2.1.1-cp310-cp310-macosx_10_9_x86_64.whl", hash = "sha256:c8a0e34993b510fc19b9a2ce7f31cb8e94ecf6e924a40c0c9dd4f62d0aac47d9"},
    {file = "numpy-2.1.1-cp310-cp310-macosx_11_0_arm64.whl", hash = "sha256:7dd86dfaf7c900c0bbdcb8b16e2f6ddf1eb1fe39c6c8cca6e94844ed3152a8fd"},
    {file = "numpy-2.1.1-cp310-cp310-macosx_14_0_arm64.whl", hash = "sha256:5889dd24f03ca5a5b1e8a90a33b5a0846d8977565e4ae003a63d22ecddf6782f"},
    {file = "numpy-2.1.1-cp310-cp310-macosx_14_0_x86_64.whl", hash = "sha256:59ca673ad11d4b84ceb385290ed0ebe60266e356641428c845b39cd9df6713ab"},
    {file = "numpy-2.1.1-cp310-cp310-manylinux_2_17_aarch64.manylinux2014_aarch64.whl", hash = "sha256:13ce49a34c44b6de5241f0b38b07e44c1b2dcacd9e36c30f9c2fcb1bb5135db7"},
    {file = "numpy-2.1.1-cp310-cp310-manylinux_2_17_x86_64.manylinux2014_x86_64.whl", hash = "sha256:913cc1d311060b1d409e609947fa1b9753701dac96e6581b58afc36b7ee35af6"},
    {file = "numpy-2.1.1-cp310-cp310-musllinux_1_1_x86_64.whl", hash = "sha256:caf5d284ddea7462c32b8d4a6b8af030b6c9fd5332afb70e7414d7fdded4bfd0"},
    {file = "numpy-2.1.1-cp310-cp310-musllinux_1_2_aarch64.whl", hash = "sha256:57eb525e7c2a8fdee02d731f647146ff54ea8c973364f3b850069ffb42799647"},
    {file = "numpy-2.1.1-cp310-cp310-win32.whl", hash = "sha256:9a8e06c7a980869ea67bbf551283bbed2856915f0a792dc32dd0f9dd2fb56728"},
    {file = "numpy-2.1.1-cp310-cp310-win_amd64.whl", hash = "sha256:d10c39947a2d351d6d466b4ae83dad4c37cd6c3cdd6d5d0fa797da56f710a6ae"},
    {file = "numpy-2.1.1-cp311-cp311-macosx_10_9_x86_64.whl", hash = "sha256:0d07841fd284718feffe7dd17a63a2e6c78679b2d386d3e82f44f0108c905550"},
    {file = "numpy-2.1.1-cp311-cp311-macosx_11_0_arm64.whl", hash = "sha256:b5613cfeb1adfe791e8e681128f5f49f22f3fcaa942255a6124d58ca59d9528f"},
    {file = "numpy-2.1.1-cp311-cp311-macosx_14_0_arm64.whl", hash = "sha256:0b8cc2715a84b7c3b161f9ebbd942740aaed913584cae9cdc7f8ad5ad41943d0"},
    {file = "numpy-2.1.1-cp311-cp311-macosx_14_0_x86_64.whl", hash = "sha256:b49742cdb85f1f81e4dc1b39dcf328244f4d8d1ded95dea725b316bd2cf18c95"},
    {file = "numpy-2.1.1-cp311-cp311-manylinux_2_17_aarch64.manylinux2014_aarch64.whl", hash = "sha256:e8d5f8a8e3bc87334f025194c6193e408903d21ebaeb10952264943a985066ca"},
    {file = "numpy-2.1.1-cp311-cp311-manylinux_2_17_x86_64.manylinux2014_x86_64.whl", hash = "sha256:d51fc141ddbe3f919e91a096ec739f49d686df8af254b2053ba21a910ae518bf"},
    {file = "numpy-2.1.1-cp311-cp311-musllinux_1_1_x86_64.whl", hash = "sha256:98ce7fb5b8063cfdd86596b9c762bf2b5e35a2cdd7e967494ab78a1fa7f8b86e"},
    {file = "numpy-2.1.1-cp311-cp311-musllinux_1_2_aarch64.whl", hash = "sha256:24c2ad697bd8593887b019817ddd9974a7f429c14a5469d7fad413f28340a6d2"},
    {file = "numpy-2.1.1-cp311-cp311-win32.whl", hash = "sha256:397bc5ce62d3fb73f304bec332171535c187e0643e176a6e9421a6e3eacef06d"},
    {file = "numpy-2.1.1-cp311-cp311-win_amd64.whl", hash = "sha256:ae8ce252404cdd4de56dcfce8b11eac3c594a9c16c231d081fb705cf23bd4d9e"},
    {file = "numpy-2.1.1-cp312-cp312-macosx_10_9_x86_64.whl", hash = "sha256:7c803b7934a7f59563db459292e6aa078bb38b7ab1446ca38dd138646a38203e"},
    {file = "numpy-2.1.1-cp312-cp312-macosx_11_0_arm64.whl", hash = "sha256:6435c48250c12f001920f0751fe50c0348f5f240852cfddc5e2f97e007544cbe"},
    {file = "numpy-2.1.1-cp312-cp312-macosx_14_0_arm64.whl", hash = "sha256:3269c9eb8745e8d975980b3a7411a98976824e1fdef11f0aacf76147f662b15f"},
    {file = "numpy-2.1.1-cp312-cp312-macosx_14_0_x86_64.whl", hash = "sha256:fac6e277a41163d27dfab5f4ec1f7a83fac94e170665a4a50191b545721c6521"},
    {file = "numpy-2.1.1-cp312-cp312-manylinux_2_17_aarch64.manylinux2014_aarch64.whl", hash = "sha256:fcd8f556cdc8cfe35e70efb92463082b7f43dd7e547eb071ffc36abc0ca4699b"},
    {file = "numpy-2.1.1-cp312-cp312-manylinux_2_17_x86_64.manylinux2014_x86_64.whl", hash = "sha256:d2b9cd92c8f8e7b313b80e93cedc12c0112088541dcedd9197b5dee3738c1201"},
    {file = "numpy-2.1.1-cp312-cp312-musllinux_1_1_x86_64.whl", hash = "sha256:afd9c680df4de71cd58582b51e88a61feed4abcc7530bcd3d48483f20fc76f2a"},
    {file = "numpy-2.1.1-cp312-cp312-musllinux_1_2_aarch64.whl", hash = "sha256:8661c94e3aad18e1ea17a11f60f843a4933ccaf1a25a7c6a9182af70610b2313"},
    {file = "numpy-2.1.1-cp312-cp312-win32.whl", hash = "sha256:950802d17a33c07cba7fd7c3dcfa7d64705509206be1606f196d179e539111ed"},
    {file = "numpy-2.1.1-cp312-cp312-win_amd64.whl", hash = "sha256:3fc5eabfc720db95d68e6646e88f8b399bfedd235994016351b1d9e062c4b270"},
    {file = "numpy-2.1.1-cp313-cp313-macosx_10_13_x86_64.whl", hash = "sha256:046356b19d7ad1890c751b99acad5e82dc4a02232013bd9a9a712fddf8eb60f5"},
    {file = "numpy-2.1.1-cp313-cp313-macosx_11_0_arm64.whl", hash = "sha256:6e5a9cb2be39350ae6c8f79410744e80154df658d5bea06e06e0ac5bb75480d5"},
    {file = "numpy-2.1.1-cp313-cp313-macosx_14_0_arm64.whl", hash = "sha256:d4c57b68c8ef5e1ebf47238e99bf27657511ec3f071c465f6b1bccbef12d4136"},
    {file = "numpy-2.1.1-cp313-cp313-macosx_14_0_x86_64.whl", hash = "sha256:8ae0fd135e0b157365ac7cc31fff27f07a5572bdfc38f9c2d43b2aff416cc8b0"},
    {file = "numpy-2.1.1-cp313-cp313-manylinux_2_17_aarch64.manylinux2014_aarch64.whl", hash = "sha256:981707f6b31b59c0c24bcda52e5605f9701cb46da4b86c2e8023656ad3e833cb"},
    {file = "numpy-2.1.1-cp313-cp313-manylinux_2_17_x86_64.manylinux2014_x86_64.whl", hash = "sha256:2ca4b53e1e0b279142113b8c5eb7d7a877e967c306edc34f3b58e9be12fda8df"},
    {file = "numpy-2.1.1-cp313-cp313-musllinux_1_1_x86_64.whl", hash = "sha256:e097507396c0be4e547ff15b13dc3866f45f3680f789c1a1301b07dadd3fbc78"},
    {file = "numpy-2.1.1-cp313-cp313-musllinux_1_2_aarch64.whl", hash = "sha256:f7506387e191fe8cdb267f912469a3cccc538ab108471291636a96a54e599556"},
    {file = "numpy-2.1.1-cp313-cp313-win32.whl", hash = "sha256:251105b7c42abe40e3a689881e1793370cc9724ad50d64b30b358bbb3a97553b"},
    {file = "numpy-2.1.1-cp313-cp313-win_amd64.whl", hash = "sha256:f212d4f46b67ff604d11fff7cc62d36b3e8714edf68e44e9760e19be38c03eb0"},
    {file = "numpy-2.1.1-cp313-cp313t-macosx_10_13_x86_64.whl", hash = "sha256:920b0911bb2e4414c50e55bd658baeb78281a47feeb064ab40c2b66ecba85553"},
    {file = "numpy-2.1.1-cp313-cp313t-macosx_11_0_arm64.whl", hash = "sha256:bab7c09454460a487e631ffc0c42057e3d8f2a9ddccd1e60c7bb8ed774992480"},
    {file = "numpy-2.1.1-cp313-cp313t-macosx_14_0_arm64.whl", hash = "sha256:cea427d1350f3fd0d2818ce7350095c1a2ee33e30961d2f0fef48576ddbbe90f"},
    {file = "numpy-2.1.1-cp313-cp313t-macosx_14_0_x86_64.whl", hash = "sha256:e30356d530528a42eeba51420ae8bf6c6c09559051887196599d96ee5f536468"},
    {file = "numpy-2.1.1-cp313-cp313t-manylinux_2_17_aarch64.manylinux2014_aarch64.whl", hash = "sha256:e8dfa9e94fc127c40979c3eacbae1e61fda4fe71d84869cc129e2721973231ef"},
    {file = "numpy-2.1.1-cp313-cp313t-manylinux_2_17_x86_64.manylinux2014_x86_64.whl", hash = "sha256:910b47a6d0635ec1bd53b88f86120a52bf56dcc27b51f18c7b4a2e2224c29f0f"},
    {file = "numpy-2.1.1-cp313-cp313t-musllinux_1_1_x86_64.whl", hash = "sha256:13cc11c00000848702322af4de0147ced365c81d66053a67c2e962a485b3717c"},
    {file = "numpy-2.1.1-cp313-cp313t-musllinux_1_2_aarch64.whl", hash = "sha256:53e27293b3a2b661c03f79aa51c3987492bd4641ef933e366e0f9f6c9bf257ec"},
    {file = "numpy-2.1.1-pp310-pypy310_pp73-macosx_10_15_x86_64.whl", hash = "sha256:7be6a07520b88214ea85d8ac8b7d6d8a1839b0b5cb87412ac9f49fa934eb15d5"},
    {file = "numpy-2.1.1-pp310-pypy310_pp73-macosx_14_0_x86_64.whl", hash = "sha256:52ac2e48f5ad847cd43c4755520a2317f3380213493b9d8a4c5e37f3b87df504"},
    {file = "numpy-2.1.1-pp310-pypy310_pp73-manylinux_2_17_x86_64.manylinux2014_x86_64.whl", hash = "sha256:50a95ca3560a6058d6ea91d4629a83a897ee27c00630aed9d933dff191f170cd"},
    {file = "numpy-2.1.1-pp310-pypy310_pp73-win_amd64.whl", hash = "sha256:99f4a9ee60eed1385a86e82288971a51e71df052ed0b2900ed30bc840c0f2e39"},
    {file = "numpy-2.1.1.tar.gz", hash = "sha256:d0cf7d55b1051387807405b3898efafa862997b4cba8aa5dbe657be794afeafd"},
]

[[package]]
name = "packaging"
version = "25.0"
requires_python = ">=3.8"
summary = "Core utilities for Python packages"
groups = ["dev", "test"]
files = [
    {file = "packaging-25.0-py3-none-any.whl", hash = "sha256:29572ef2b1f17581046b3a2227d5c611fb25ec70ca1ba8554b24b0e69331a484"},
    {file = "packaging-25.0.tar.gz", hash = "sha256:d443872c98d677bf60f6a1f2f8c1cb748e8fe762d2bf9d3148b5599295b0fc4f"},
]

[[package]]
name = "pandas"
version = "2.2.2"
requires_python = ">=3.9"
summary = "Powerful data structures for data analysis, time series, and statistics"
groups = ["default"]
dependencies = [
    "numpy>=1.22.4; python_version < \"3.11\"",
    "numpy>=1.23.2; python_version == \"3.11\"",
    "numpy>=1.26.0; python_version >= \"3.12\"",
    "python-dateutil>=2.8.2",
    "pytz>=2020.1",
    "tzdata>=2022.7",
]
files = [
    {file = "pandas-2.2.2-cp310-cp310-macosx_10_9_x86_64.whl", hash = "sha256:90c6fca2acf139569e74e8781709dccb6fe25940488755716d1d354d6bc58bce"},
    {file = "pandas-2.2.2-cp310-cp310-macosx_11_0_arm64.whl", hash = "sha256:c7adfc142dac335d8c1e0dcbd37eb8617eac386596eb9e1a1b77791cf2498238"},
    {file = "pandas-2.2.2-cp310-cp310-manylinux_2_17_aarch64.manylinux2014_aarch64.whl", hash = "sha256:4abfe0be0d7221be4f12552995e58723c7422c80a659da13ca382697de830c08"},
    {file = "pandas-2.2.2-cp310-cp310-manylinux_2_17_x86_64.manylinux2014_x86_64.whl", hash = "sha256:8635c16bf3d99040fdf3ca3db669a7250ddf49c55dc4aa8fe0ae0fa8d6dcc1f0"},
    {file = "pandas-2.2.2-cp310-cp310-musllinux_1_1_aarch64.whl", hash = "sha256:40ae1dffb3967a52203105a077415a86044a2bea011b5f321c6aa64b379a3f51"},
    {file = "pandas-2.2.2-cp310-cp310-musllinux_1_1_x86_64.whl", hash = "sha256:8e5a0b00e1e56a842f922e7fae8ae4077aee4af0acb5ae3622bd4b4c30aedf99"},
    {file = "pandas-2.2.2-cp310-cp310-win_amd64.whl", hash = "sha256:ddf818e4e6c7c6f4f7c8a12709696d193976b591cc7dc50588d3d1a6b5dc8772"},
    {file = "pandas-2.2.2-cp311-cp311-macosx_10_9_x86_64.whl", hash = "sha256:696039430f7a562b74fa45f540aca068ea85fa34c244d0deee539cb6d70aa288"},
    {file = "pandas-2.2.2-cp311-cp311-macosx_11_0_arm64.whl", hash = "sha256:8e90497254aacacbc4ea6ae5e7a8cd75629d6ad2b30025a4a8b09aa4faf55151"},
    {file = "pandas-2.2.2-cp311-cp311-manylinux_2_17_aarch64.manylinux2014_aarch64.whl", hash = "sha256:58b84b91b0b9f4bafac2a0ac55002280c094dfc6402402332c0913a59654ab2b"},
    {file = "pandas-2.2.2-cp311-cp311-manylinux_2_17_x86_64.manylinux2014_x86_64.whl", hash = "sha256:6d2123dc9ad6a814bcdea0f099885276b31b24f7edf40f6cdbc0912672e22eee"},
    {file = "pandas-2.2.2-cp311-cp311-musllinux_1_1_aarch64.whl", hash = "sha256:2925720037f06e89af896c70bca73459d7e6a4be96f9de79e2d440bd499fe0db"},
    {file = "pandas-2.2.2-cp311-cp311-musllinux_1_1_x86_64.whl", hash = "sha256:0cace394b6ea70c01ca1595f839cf193df35d1575986e484ad35c4aeae7266c1"},
    {file = "pandas-2.2.2-cp311-cp311-win_amd64.whl", hash = "sha256:873d13d177501a28b2756375d59816c365e42ed8417b41665f346289adc68d24"},
    {file = "pandas-2.2.2-cp312-cp312-macosx_10_9_x86_64.whl", hash = "sha256:9dfde2a0ddef507a631dc9dc4af6a9489d5e2e740e226ad426a05cabfbd7c8ef"},
    {file = "pandas-2.2.2-cp312-cp312-macosx_11_0_arm64.whl", hash = "sha256:e9b79011ff7a0f4b1d6da6a61aa1aa604fb312d6647de5bad20013682d1429ce"},
    {file = "pandas-2.2.2-cp312-cp312-manylinux_2_17_aarch64.manylinux2014_aarch64.whl", hash = "sha256:1cb51fe389360f3b5a4d57dbd2848a5f033350336ca3b340d1c53a1fad33bcad"},
    {file = "pandas-2.2.2-cp312-cp312-manylinux_2_17_x86_64.manylinux2014_x86_64.whl", hash = "sha256:eee3a87076c0756de40b05c5e9a6069c035ba43e8dd71c379e68cab2c20f16ad"},
    {file = "pandas-2.2.2-cp312-cp312-musllinux_1_1_aarch64.whl", hash = "sha256:3e374f59e440d4ab45ca2fffde54b81ac3834cf5ae2cdfa69c90bc03bde04d76"},
    {file = "pandas-2.2.2-cp312-cp312-musllinux_1_1_x86_64.whl", hash = "sha256:43498c0bdb43d55cb162cdc8c06fac328ccb5d2eabe3cadeb3529ae6f0517c32"},
    {file = "pandas-2.2.2-cp312-cp312-win_amd64.whl", hash = "sha256:d187d355ecec3629624fccb01d104da7d7f391db0311145817525281e2804d23"},
    {file = "pandas-2.2.2.tar.gz", hash = "sha256:9e79019aba43cb4fda9e4d983f8e88ca0373adbb697ae9c6c43093218de28b54"},
]

[[package]]
name = "pluggy"
version = "1.6.0"
requires_python = ">=3.9"
summary = "plugin and hook calling mechanisms for python"
groups = ["dev", "test"]
files = [
    {file = "pluggy-1.6.0-py3-none-any.whl", hash = "sha256:e920276dd6813095e9377c0bc5566d94c932c33b27a3e3945d8389c374dd4746"},
    {file = "pluggy-1.6.0.tar.gz", hash = "sha256:7dcc130b76258d33b90f61b658791dede3486c3e6bfb003ee5c9bfb396dd22f3"},
]

[[package]]
name = "pygments"
version = "2.19.2"
requires_python = ">=3.8"
summary = "Pygments is a syntax highlighting package written in Python."
groups = ["dev", "test"]
files = [
    {file = "pygments-2.19.2-py3-none-any.whl", hash = "sha256:86540386c03d588bb81d44bc3928634ff26449851e99741617ecb9037ee5ec0b"},
    {file = "pygments-2.19.2.tar.gz", hash = "sha256:636cb2477cec7f8952536970bc533bc43743542f70392ae026374600add5b887"},
]

[[package]]
name = "pytest"
version = "8.4.2"
requires_python = ">=3.9"
summary = "pytest: simple powerful testing with Python"
groups = ["dev", "test"]
dependencies = [
    "colorama>=0.4; sys_platform == \"win32\"",
    "exceptiongroup>=1; python_version < \"3.11\"",
    "iniconfig>=1",
    "packaging>=20",
    "pluggy<2,>=1.5",
    "pygments>=2.7.2",
    "tomli>=1; python_version < \"3.11\"",
]
files = [
    {file = "pytest-8.4.2-py3-none-any.whl", hash = "sha256:872f880de3fc3a5bdc88a11b39c9710c3497a547cfa9320bc3c5e62fbf272e79"},
    {file = "pytest-8.4.2.tar.gz", hash = "sha256:86c0d0b93306b961d58d62a4db4879f27fe25513d4b969df351abdddb3c30e01"},
]

[[package]]
name = "pytest-cov"
version = "5.0.0"
requires_python = ">=3.8"
summary = "Pytest plugin for measuring coverage."
groups = ["test"]
dependencies = [
    "coverage[toml]>=5.2.1",
    "pytest>=4.6",
]
files = [
    {file = "pytest-cov-5.0.0.tar.gz", hash = "sha256:5837b58e9f6ebd335b0f8060eecce69b662415b16dc503883a02f45dfeb14857"},
    {file = "pytest_cov-5.0.0-py3-none-any.whl", hash = "sha256:4f0764a1219df53214206bf1feea4633c3b558a2925c8b59f144f682861ce652"},
]

[[package]]
name = "pytest-subtests"
version = "0.13.1"
requires_python = ">=3.7"
summary = "unittest subTest() support and subtests fixture"
groups = ["dev", "test"]
dependencies = [
    "attrs>=19.2.0",
    "pytest>=7.0",
    "typing-extensions; python_version < \"3.8\"",
]
files = [
    {file = "pytest_subtests-0.13.1-py3-none-any.whl", hash = "sha256:ab616a22f64cd17c1aee65f18af94dbc30c444f8683de2b30895c3778265e3bd"},
    {file = "pytest_subtests-0.13.1.tar.gz", hash = "sha256:989e38f0f1c01bc7c6b2e04db7d9fd859db35d77c2c1a430c831a70cbf3fde2d"},
]

[[package]]
name = "python-dateutil"
version = "2.9.0.post0"
requires_python = "!=3.0.*,!=3.1.*,!=3.2.*,>=2.7"
summary = "Extensions to the standard Python datetime module"
groups = ["default"]
dependencies = [
    "six>=1.5",
]
files = [
    {file = "python-dateutil-2.9.0.post0.tar.gz", hash = "sha256:37dd54208da7e1cd875388217d5e00ebd4179249f90fb72437e91a35459a0ad3"},
    {file = "python_dateutil-2.9.0.post0-py2.py3-none-any.whl", hash = "sha256:a8b2bc7bffae282281c8140a97d3aa9c14da0b136dfe83f850eea9a5f7470427"},
]

[[package]]
name = "pytz"
version = "2024.1"
summary = "World timezone definitions, modern and historical"
groups = ["default"]
files = [
    {file = "pytz-2024.1-py2.py3-none-any.whl", hash = "sha256:328171f4e3623139da4983451950b28e95ac706e13f3f2630a879749e7a8b319"},
    {file = "pytz-2024.1.tar.gz", hash = "sha256:2a29735ea9c18baf14b448846bde5a48030ed267578472d8955cd0e7443a9812"},
]

[[package]]
name = "six"
version = "1.16.0"
requires_python = ">=2.7, !=3.0.*, !=3.1.*, !=3.2.*"
summary = "Python 2 and 3 compatibility utilities"
groups = ["default"]
files = [
    {file = "six-1.16.0-py2.py3-none-any.whl", hash = "sha256:8abb2f1d86890a2dfb989f9a77cfcfd3e47c2a354b01111771326f8aa26e0254"},
    {file = "six-1.16.0.tar.gz", hash = "sha256:1e61c37477a1626458e36f7b1d82aa5c9b094fa4802892072e49de9c60c4c926"},
]

[[package]]
name = "tomli"
version = "2.2.1"
requires_python = ">=3.8"
summary = "A lil' TOML parser"
groups = ["dev", "test"]
marker = "python_version < \"3.11\""
files = [
    {file = "tomli-2.2.1-cp311-cp311-macosx_10_9_x86_64.whl", hash = "sha256:678e4fa69e4575eb77d103de3df8a895e1591b48e740211bd1067378c69e8249"},
    {file = "tomli-2.2.1-cp311-cp311-macosx_11_0_arm64.whl", hash = "sha256:023aa114dd824ade0100497eb2318602af309e5a55595f76b626d6d9f3b7b0a6"},
    {file = "tomli-2.2.1-cp311-cp311-manylinux_2_17_aarch64.manylinux2014_aarch64.whl", hash = "sha256:ece47d672db52ac607a3d9599a9d48dcb2f2f735c6c2d1f34130085bb12b112a"},
    {file = "tomli-2.2.1-cp311-cp311-manylinux_2_17_x86_64.manylinux2014_x86_64.whl", hash = "sha256:6972ca9c9cc9f0acaa56a8ca1ff51e7af152a9f87fb64623e31d5c83700080ee"},
    {file = "tomli-2.2.1-cp311-cp311-manylinux_2_5_i686.manylinux1_i686.manylinux_2_17_i686.manylinux2014_i686.whl", hash = "sha256:c954d2250168d28797dd4e3ac5cf812a406cd5a92674ee4c8f123c889786aa8e"},
    {file = "tomli-2.2.1-cp311-cp311-musllinux_1_2_aarch64.whl", hash = "sha256:8dd28b3e155b80f4d54beb40a441d366adcfe740969820caf156c019fb5c7ec4"},
    {file = "tomli-2.2.1-cp311-cp311-musllinux_1_2_i686.whl", hash = "sha256:e59e304978767a54663af13c07b3d1af22ddee3bb2fb0618ca1593e4f593a106"},
    {file = "tomli-2.2.1-cp311-cp311-musllinux_1_2_x86_64.whl", hash = "sha256:33580bccab0338d00994d7f16f4c4ec25b776af3ffaac1ed74e0b3fc95e885a8"},
    {file = "tomli-2.2.1-cp311-cp311-win32.whl", hash = "sha256:465af0e0875402f1d226519c9904f37254b3045fc5084697cefb9bdde1ff99ff"},
    {file = "tomli-2.2.1-cp311-cp311-win_amd64.whl", hash = "sha256:2d0f2fdd22b02c6d81637a3c95f8cd77f995846af7414c5c4b8d0545afa1bc4b"},
    {file = "tomli-2.2.1-cp312-cp312-macosx_10_13_x86_64.whl", hash = "sha256:4a8f6e44de52d5e6c657c9fe83b562f5f4256d8ebbfe4ff922c495620a7f6cea"},
    {file = "tomli-2.2.1-cp312-cp312-macosx_11_0_arm64.whl", hash = "sha256:8d57ca8095a641b8237d5b079147646153d22552f1c637fd3ba7f4b0b29167a8"},
    {file = "tomli-2.2.1-cp312-cp312-manylinux_2_17_aarch64.manylinux2014_aarch64.whl", hash = "sha256:4e340144ad7ae1533cb897d406382b4b6fede8890a03738ff1683af800d54192"},
    {file = "tomli-2.2.1-cp312-cp312-manylinux_2_17_x86_64.manylinux2014_x86_64.whl", hash = "sha256:db2b95f9de79181805df90bedc5a5ab4c165e6ec3fe99f970d0e302f384ad222"},
    {file = "tomli-2.2.1-cp312-cp312-manylinux_2_5_i686.manylinux1_i686.manylinux_2_17_i686.manylinux2014_i686.whl", hash = "sha256:40741994320b232529c802f8bc86da4e1aa9f413db394617b9a256ae0f9a7f77"},
    {file = "tomli-2.2.1-cp312-cp312-musllinux_1_2_aarch64.whl", hash = "sha256:400e720fe168c0f8521520190686ef8ef033fb19fc493da09779e592861b78c6"},
    {file = "tomli-2.2.1-cp312-cp312-musllinux_1_2_i686.whl", hash = "sha256:02abe224de6ae62c19f090f68da4e27b10af2b93213d36cf44e6e1c5abd19fdd"},
    {file = "tomli-2.2.1-cp312-cp312-musllinux_1_2_x86_64.whl", hash = "sha256:b82ebccc8c8a36f2094e969560a1b836758481f3dc360ce9a3277c65f374285e"},
    {file = "tomli-2.2.1-cp312-cp312-win32.whl", hash = "sha256:889f80ef92701b9dbb224e49ec87c645ce5df3fa2cc548664eb8a25e03127a98"},
    {file = "tomli-2.2.1-cp312-cp312-win_amd64.whl", hash = "sha256:7fc04e92e1d624a4a63c76474610238576942d6b8950a2d7f908a340494e67e4"},
    {file = "tomli-2.2.1-cp313-cp313-macosx_10_13_x86_64.whl", hash = "sha256:f4039b9cbc3048b2416cc57ab3bda989a6fcf9b36cf8937f01a6e731b64f80d7"},
    {file = "tomli-2.2.1-cp313-cp313-macosx_11_0_arm64.whl", hash = "sha256:286f0ca2ffeeb5b9bd4fcc8d6c330534323ec51b2f52da063b11c502da16f30c"},
    {file = "tomli-2.2.1-cp313-cp313-manylinux_2_17_aarch64.manylinux2014_aarch64.whl", hash = "sha256:a92ef1a44547e894e2a17d24e7557a5e85a9e1d0048b0b5e7541f76c5032cb13"},
    {file = "tomli-2.2.1-cp313-cp313-manylinux_2_17_x86_64.manylinux2014_x86_64.whl", hash = "sha256:9316dc65bed1684c9a98ee68759ceaed29d229e985297003e494aa825ebb0281"},
    {file = "tomli-2.2.1-cp313-cp313-manylinux_2_5_i686.manylinux1_i686.manylinux_2_17_i686.manylinux2014_i686.whl", hash = "sha256:e85e99945e688e32d5a35c1ff38ed0b3f41f43fad8df0bdf79f72b2ba7bc5272"},
    {file = "tomli-2.2.1-cp313-cp313-musllinux_1_2_aarch64.whl", hash = "sha256:ac065718db92ca818f8d6141b5f66369833d4a80a9d74435a268c52bdfa73140"},
    {file = "tomli-2.2.1-cp313-cp313-musllinux_1_2_i686.whl", hash = "sha256:d920f33822747519673ee656a4b6ac33e382eca9d331c87770faa3eef562aeb2"},
    {file = "tomli-2.2.1-cp313-cp313-musllinux_1_2_x86_64.whl", hash = "sha256:a198f10c4d1b1375d7687bc25294306e551bf1abfa4eace6650070a5c1ae2744"},
    {file = "tomli-2.2.1-cp313-cp313-win32.whl", hash = "sha256:d3f5614314d758649ab2ab3a62d4f2004c825922f9e370b29416484086b264ec"},
    {file = "tomli-2.2.1-cp313-cp313-win_amd64.whl", hash = "sha256:a38aa0308e754b0e3c67e344754dff64999ff9b513e691d0e786265c93583c69"},
    {file = "tomli-2.2.1-py3-none-any.whl", hash = "sha256:cb55c73c5f4408779d0cf3eef9f762b9c9f147a77de7b258bef0a5628adc85cc"},
    {file = "tomli-2.2.1.tar.gz", hash = "sha256:cd45e1dc79c835ce60f7404ec8119f2eb06d38b1deba146f07ced3bbc44505ff"},
]

[[package]]
name = "typing-extensions"
version = "4.15.0"
requires_python = ">=3.9"
summary = "Backported and Experimental Type Hints for Python 3.9+"
groups = ["dev", "test"]
marker = "python_version < \"3.11\""
files = [
    {file = "typing_extensions-4.15.0-py3-none-any.whl", hash = "sha256:f0fa19c6845758ab08074a0cfa8b7aecb71c999ca73d62883bc25cc018c4e548"},
    {file = "typing_extensions-4.15.0.tar.gz", hash = "sha256:0cea48d173cc12fa28ecabc3b837ea3cf6f38c6d1136f85cbaaf598984861466"},
]

[[package]]
name = "tzdata"
version = "2024.1"
requires_python = ">=2"
summary = "Provider of IANA time zone data"
groups = ["default"]
files = [
    {file = "tzdata-2024.1-py2.py3-none-any.whl", hash = "sha256:9068bc196136463f5245e51efda838afa15aaeca9903f49050dfa2679db4d252"},
    {file = "tzdata-2024.1.tar.gz", hash = "sha256:2674120f8d891909751c38abcdfd386ac0a5a1127954fbc332af6b5ceae07efd"},
]
